
Microsoft Visual Studio Solution File, Format Version 12.00
# Visual Studio Version 17
VisualStudioVersion = 17.4.33110.190
MinimumVisualStudioVersion = 10.0.40219.1
Project("{9A19103F-16F7-4668-BE54-9A1E7A4F7556}") = "WebApplication1", "WebApplication1\WebApplication1.csproj", "{5ACBD5BE-7832-4647-84F0-ECE1C0BA8FFE}"
EndProject
Global
	GlobalSection(SolutionConfigurationPlatforms) = preSolution
		Debug|Any CPU = Debug|Any CPU
		Release|Any CPU = Release|Any CPU
	EndGlobalSection
	GlobalSection(ProjectConfigurationPlatforms) = postSolution
		{5ACBD5BE-7832-4647-84F0-ECE1C0BA8FFE}.Debug|Any CPU.ActiveCfg = Debug|Any CPU
		{5ACBD5BE-7832-4647-84F0-ECE1C0BA8FFE}.Debug|Any CPU.Build.0 = Debug|Any CPU
		{5ACBD5BE-7832-4647-84F0-ECE1C0BA8FFE}.Release|Any CPU.ActiveCfg = Release|Any CPU
		{5ACBD5BE-7832-4647-84F0-ECE1C0BA8FFE}.Release|Any CPU.Build.0 = Release|Any CPU
	EndGlobalSection
	GlobalSection(SolutionProperties) = preSolution
		HideSolutionNode = FALSE
	EndGlobalSection
	GlobalSection(ExtensibilityGlobals) = postSolution
		SolutionGuid = {25B2DC22-CD6F-47C6-8C72-F8F2D3351DA2}
	EndGlobalSection
EndGlobal
