
Microsoft Visual Studio Solution File, Format Version 12.00
# Visual Studio Version 17
VisualStudioVersion = 17.4.33110.190
MinimumVisualStudioVersion = 10.0.40219.1
Project("{FAE04EC0-301F-11D3-BF4B-00C04F79EFBC}") = "BestvsBest", "BestvsBest.csproj", "{D49C077B-DA7E-4CDD-9A7E-35B65CC6E37E}"
EndProject
Global
	GlobalSection(SolutionConfigurationPlatforms) = preSolution
		Debug|Any CPU = Debug|Any CPU
		Release|Any CPU = Release|Any CPU
	EndGlobalSection
	GlobalSection(ProjectConfigurationPlatforms) = postSolution
		{D49C077B-DA7E-4CDD-9A7E-35B65CC6E37E}.Debug|Any CPU.ActiveCfg = Debug|Any CPU
		{D49C077B-DA7E-4CDD-9A7E-35B65CC6E37E}.Debug|Any CPU.Build.0 = Debug|Any CPU
		{D49C077B-DA7E-4CDD-9A7E-35B65CC6E37E}.Release|Any CPU.ActiveCfg = Release|Any CPU
		{D49C077B-DA7E-4CDD-9A7E-35B65CC6E37E}.Release|Any CPU.Build.0 = Release|Any CPU
	EndGlobalSection
	GlobalSection(SolutionProperties) = preSolution
		HideSolutionNode = FALSE
	EndGlobalSection
	GlobalSection(ExtensibilityGlobals) = postSolution
		SolutionGuid = {A171CC92-D67E-4E47-8680-7AF8125B0E52}
	EndGlobalSection
EndGlobal
